
Microsoft Visual Studio Solution File, Format Version 12.00
Project("{FAE04EC0-301F-11D3-BF4B-00C04F79EFBC}") = "FlyClicker", "FlyClicker\FlyClicker.csproj", "{DF0D26D3-88D4-4278-9209-A79305D1BA5F}"
EndProject
Global
	GlobalSection(SolutionConfigurationPlatforms) = preSolution
		Debug|Any CPU = Debug|Any CPU
		Release|Any CPU = Release|Any CPU
	EndGlobalSection
	GlobalSection(ProjectConfigurationPlatforms) = postSolution
		{DF0D26D3-88D4-4278-9209-A79305D1BA5F}.Debug|Any CPU.ActiveCfg = Debug|Any CPU
		{DF0D26D3-88D4-4278-9209-A79305D1BA5F}.Debug|Any CPU.Build.0 = Debug|Any CPU
		{DF0D26D3-88D4-4278-9209-A79305D1BA5F}.Release|Any CPU.ActiveCfg = Release|Any CPU
		{DF0D26D3-88D4-4278-9209-A79305D1BA5F}.Release|Any CPU.Build.0 = Release|Any CPU
	EndGlobalSection
EndGlobal
